
Microsoft Visual Studio Solution File, Format Version 12.00
# Visual Studio Version 17
VisualStudioVersion = 17.9.34701.34
MinimumVisualStudioVersion = 10.0.40219.1
Project("{FAE04EC0-301F-11D3-BF4B-00C04F79EFBC}") = "IndamaService", "WebApplication10\IndamaService.csproj", "{F5C84901-5EE7-4881-920A-AF626F51F2B2}"
EndProject
Global
	GlobalSection(SolutionConfigurationPlatforms) = preSolution
		Debug|Any CPU = Debug|Any CPU
		Release|Any CPU = Release|Any CPU
	EndGlobalSection
	GlobalSection(ProjectConfigurationPlatforms) = postSolution
		{F5C84901-5EE7-4881-920A-AF626F51F2B2}.Debug|Any CPU.ActiveCfg = Debug|Any CPU
		{F5C84901-5EE7-4881-920A-AF626F51F2B2}.Debug|Any CPU.Build.0 = Debug|Any CPU
		{F5C84901-5EE7-4881-920A-AF626F51F2B2}.Release|Any CPU.ActiveCfg = Release|Any CPU
		{F5C84901-5EE7-4881-920A-AF626F51F2B2}.Release|Any CPU.Build.0 = Release|Any CPU
	EndGlobalSection
	GlobalSection(SolutionProperties) = preSolution
		HideSolutionNode = FALSE
	EndGlobalSection
	GlobalSection(ExtensibilityGlobals) = postSolution
		SolutionGuid = {C3EFEDC1-960D-4258-8798-7AFF8C72D2A4}
	EndGlobalSection
EndGlobal
